
Microsoft Visual Studio Solution File, Format Version 12.00
# Visual Studio 15
VisualStudioVersion = 15.0.28010.2026
MinimumVisualStudioVersion = 10.0.40219.1
Project("{FAE04EC0-301F-11D3-BF4B-00C04F79EFBC}") = "ConsoleApp", "ConsoleApp\ConsoleApp.csproj", "{F1A06F94-36BB-49A7-8A77-C9B206ED276C}"
EndProject
Project("{FAE04EC0-301F-11D3-BF4B-00C04F79EFBC}") = "ProjetoEstoque.Repositorio", "ProjetoEstoque.Repositorio\ProjetoEstoque.Repositorio.csproj", "{4DC9BD42-31F7-4777-880F-48B416FDEF63}"
EndProject
Project("{FAE04EC0-301F-11D3-BF4B-00C04F79EFBC}") = "ProjetoEstoque.Dominio", "ProjetoEstoque.Dominio\ProjetoEstoque.Dominio.csproj", "{B1FBBF42-6D5E-4EFA-AAB4-7C2A08828A81}"
EndProject
Project("{FAE04EC0-301F-11D3-BF4B-00C04F79EFBC}") = "ProjetoEstoque.Aplicacao", "ProjetoEstoque.Aplicacao\ProjetoEstoque.Aplicacao.csproj", "{4FB3B0D1-2CCA-45E1-A1DC-CCE0993CCD8D}"
EndProject
Project("{FAE04EC0-301F-11D3-BF4B-00C04F79EFBC}") = "WebAppEstoque", "WebAppEstoque\WebAppEstoque.csproj", "{22CAC713-EE54-4593-AB0A-B8BBA3623AE2}"
EndProject
Global
	GlobalSection(SolutionConfigurationPlatforms) = preSolution
		Debug|Any CPU = Debug|Any CPU
		Release|Any CPU = Release|Any CPU
	EndGlobalSection
	GlobalSection(ProjectConfigurationPlatforms) = postSolution
		{F1A06F94-36BB-49A7-8A77-C9B206ED276C}.Debug|Any CPU.ActiveCfg = Debug|Any CPU
		{F1A06F94-36BB-49A7-8A77-C9B206ED276C}.Debug|Any CPU.Build.0 = Debug|Any CPU
		{F1A06F94-36BB-49A7-8A77-C9B206ED276C}.Release|Any CPU.ActiveCfg = Release|Any CPU
		{F1A06F94-36BB-49A7-8A77-C9B206ED276C}.Release|Any CPU.Build.0 = Release|Any CPU
		{4DC9BD42-31F7-4777-880F-48B416FDEF63}.Debug|Any CPU.ActiveCfg = Debug|Any CPU
		{4DC9BD42-31F7-4777-880F-48B416FDEF63}.Debug|Any CPU.Build.0 = Debug|Any CPU
		{4DC9BD42-31F7-4777-880F-48B416FDEF63}.Release|Any CPU.ActiveCfg = Release|Any CPU
		{4DC9BD42-31F7-4777-880F-48B416FDEF63}.Release|Any CPU.Build.0 = Release|Any CPU
		{B1FBBF42-6D5E-4EFA-AAB4-7C2A08828A81}.Debug|Any CPU.ActiveCfg = Debug|Any CPU
		{B1FBBF42-6D5E-4EFA-AAB4-7C2A08828A81}.Debug|Any CPU.Build.0 = Debug|Any CPU
		{B1FBBF42-6D5E-4EFA-AAB4-7C2A08828A81}.Release|Any CPU.ActiveCfg = Release|Any CPU
		{B1FBBF42-6D5E-4EFA-AAB4-7C2A08828A81}.Release|Any CPU.Build.0 = Release|Any CPU
		{4FB3B0D1-2CCA-45E1-A1DC-CCE0993CCD8D}.Debug|Any CPU.ActiveCfg = Debug|Any CPU
		{4FB3B0D1-2CCA-45E1-A1DC-CCE0993CCD8D}.Debug|Any CPU.Build.0 = Debug|Any CPU
		{4FB3B0D1-2CCA-45E1-A1DC-CCE0993CCD8D}.Release|Any CPU.ActiveCfg = Release|Any CPU
		{4FB3B0D1-2CCA-45E1-A1DC-CCE0993CCD8D}.Release|Any CPU.Build.0 = Release|Any CPU
		{22CAC713-EE54-4593-AB0A-B8BBA3623AE2}.Debug|Any CPU.ActiveCfg = Debug|Any CPU
		{22CAC713-EE54-4593-AB0A-B8BBA3623AE2}.Debug|Any CPU.Build.0 = Debug|Any CPU
		{22CAC713-EE54-4593-AB0A-B8BBA3623AE2}.Release|Any CPU.ActiveCfg = Release|Any CPU
		{22CAC713-EE54-4593-AB0A-B8BBA3623AE2}.Release|Any CPU.Build.0 = Release|Any CPU
	EndGlobalSection
	GlobalSection(SolutionProperties) = preSolution
		HideSolutionNode = FALSE
	EndGlobalSection
	GlobalSection(ExtensibilityGlobals) = postSolution
		SolutionGuid = {8964FE4E-FE45-45F4-884F-60387CCA5D7D}
	EndGlobalSection
EndGlobal
